
Microsoft Visual Studio Solution File, Format Version 12.00
# Visual Studio Version 17
VisualStudioVersion = 17.11.35312.102
MinimumVisualStudioVersion = 10.0.40219.1
Project("{FAE04EC0-301F-11D3-BF4B-00C04F79EFBC}") = "VehicleInteriorFramework", "VehicleInteriorFramework.csproj", "{C4A6CE84-01A1-4F92-B731-79416B9FA721}"
EndProject
Project("{FAE04EC0-301F-11D3-BF4B-00C04F79EFBC}") = "VMF_CEPatch", "..\VMF_CEPatch\VMF_CEPatch.csproj", "{F7561E20-4CE2-4E05-9972-F195A648D0A4}"
EndProject
Project("{FAE04EC0-301F-11D3-BF4B-00C04F79EFBC}") = "VMF_AchtungPatch", "..\VMF_AchtungPatch\VMF_AchtungPatch.csproj", "{448C8303-4134-496F-B03C-F083E80BC8C4}"
EndProject
Project("{FAE04EC0-301F-11D3-BF4B-00C04F79EFBC}") = "VMF_SmartFarmingPatch", "..\VMF_SmartFarmingPatch\VMF_SmartFarmingPatch.csproj", "{1D31E760-4B98-4D07-881C-B0454D542439}"
EndProject
Global
	GlobalSection(SolutionConfigurationPlatforms) = preSolution
		Debug|Any CPU = Debug|Any CPU
		Debug|ARM64 = Debug|ARM64
		Debug|x64 = Debug|x64
		Release|Any CPU = Release|Any CPU
		Release|ARM64 = Release|ARM64
		Release|x64 = Release|x64
	EndGlobalSection
	GlobalSection(ProjectConfigurationPlatforms) = postSolution
		{C4A6CE84-01A1-4F92-B731-79416B9FA721}.Debug|Any CPU.ActiveCfg = Debug|Any CPU
		{C4A6CE84-01A1-4F92-B731-79416B9FA721}.Debug|Any CPU.Build.0 = Debug|Any CPU
		{C4A6CE84-01A1-4F92-B731-79416B9FA721}.Debug|ARM64.ActiveCfg = Debug|Any CPU
		{C4A6CE84-01A1-4F92-B731-79416B9FA721}.Debug|ARM64.Build.0 = Debug|Any CPU
		{C4A6CE84-01A1-4F92-B731-79416B9FA721}.Debug|x64.ActiveCfg = Debug|Any CPU
		{C4A6CE84-01A1-4F92-B731-79416B9FA721}.Debug|x64.Build.0 = Debug|Any CPU
		{C4A6CE84-01A1-4F92-B731-79416B9FA721}.Release|Any CPU.ActiveCfg = Release|Any CPU
		{C4A6CE84-01A1-4F92-B731-79416B9FA721}.Release|Any CPU.Build.0 = Release|Any CPU
		{C4A6CE84-01A1-4F92-B731-79416B9FA721}.Release|ARM64.ActiveCfg = Release|Any CPU
		{C4A6CE84-01A1-4F92-B731-79416B9FA721}.Release|ARM64.Build.0 = Release|Any CPU
		{C4A6CE84-01A1-4F92-B731-79416B9FA721}.Release|x64.ActiveCfg = Release|Any CPU
		{C4A6CE84-01A1-4F92-B731-79416B9FA721}.Release|x64.Build.0 = Release|Any CPU
		{F7561E20-4CE2-4E05-9972-F195A648D0A4}.Debug|Any CPU.ActiveCfg = Debug|Any CPU
		{F7561E20-4CE2-4E05-9972-F195A648D0A4}.Debug|Any CPU.Build.0 = Debug|Any CPU
		{F7561E20-4CE2-4E05-9972-F195A648D0A4}.Debug|ARM64.ActiveCfg = Debug|Any CPU
		{F7561E20-4CE2-4E05-9972-F195A648D0A4}.Debug|ARM64.Build.0 = Debug|Any CPU
		{F7561E20-4CE2-4E05-9972-F195A648D0A4}.Debug|x64.ActiveCfg = Debug|Any CPU
		{F7561E20-4CE2-4E05-9972-F195A648D0A4}.Debug|x64.Build.0 = Debug|Any CPU
		{F7561E20-4CE2-4E05-9972-F195A648D0A4}.Release|Any CPU.ActiveCfg = Release|Any CPU
		{F7561E20-4CE2-4E05-9972-F195A648D0A4}.Release|Any CPU.Build.0 = Release|Any CPU
		{F7561E20-4CE2-4E05-9972-F195A648D0A4}.Release|ARM64.ActiveCfg = Release|Any CPU
		{F7561E20-4CE2-4E05-9972-F195A648D0A4}.Release|ARM64.Build.0 = Release|Any CPU
		{F7561E20-4CE2-4E05-9972-F195A648D0A4}.Release|x64.ActiveCfg = Release|Any CPU
		{F7561E20-4CE2-4E05-9972-F195A648D0A4}.Release|x64.Build.0 = Release|Any CPU
		{448C8303-4134-496F-B03C-F083E80BC8C4}.Debug|Any CPU.ActiveCfg = Debug|Any CPU
		{448C8303-4134-496F-B03C-F083E80BC8C4}.Debug|Any CPU.Build.0 = Debug|Any CPU
		{448C8303-4134-496F-B03C-F083E80BC8C4}.Debug|ARM64.ActiveCfg = Debug|ARM64
		{448C8303-4134-496F-B03C-F083E80BC8C4}.Debug|ARM64.Build.0 = Debug|ARM64
		{448C8303-4134-496F-B03C-F083E80BC8C4}.Debug|x64.ActiveCfg = Debug|x64
		{448C8303-4134-496F-B03C-F083E80BC8C4}.Debug|x64.Build.0 = Debug|x64
		{448C8303-4134-496F-B03C-F083E80BC8C4}.Release|Any CPU.ActiveCfg = Release|Any CPU
		{448C8303-4134-496F-B03C-F083E80BC8C4}.Release|Any CPU.Build.0 = Release|Any CPU
		{448C8303-4134-496F-B03C-F083E80BC8C4}.Release|ARM64.ActiveCfg = Release|ARM64
		{448C8303-4134-496F-B03C-F083E80BC8C4}.Release|ARM64.Build.0 = Release|ARM64
		{448C8303-4134-496F-B03C-F083E80BC8C4}.Release|x64.ActiveCfg = Release|x64
		{448C8303-4134-496F-B03C-F083E80BC8C4}.Release|x64.Build.0 = Release|x64
		{1D31E760-4B98-4D07-881C-B0454D542439}.Debug|Any CPU.ActiveCfg = Debug|Any CPU
		{1D31E760-4B98-4D07-881C-B0454D542439}.Debug|Any CPU.Build.0 = Debug|Any CPU
		{1D31E760-4B98-4D07-881C-B0454D542439}.Debug|ARM64.ActiveCfg = Debug|Any CPU
		{1D31E760-4B98-4D07-881C-B0454D542439}.Debug|ARM64.Build.0 = Debug|Any CPU
		{1D31E760-4B98-4D07-881C-B0454D542439}.Debug|x64.ActiveCfg = Debug|Any CPU
		{1D31E760-4B98-4D07-881C-B0454D542439}.Debug|x64.Build.0 = Debug|Any CPU
		{1D31E760-4B98-4D07-881C-B0454D542439}.Release|Any CPU.ActiveCfg = Release|Any CPU
		{1D31E760-4B98-4D07-881C-B0454D542439}.Release|Any CPU.Build.0 = Release|Any CPU
		{1D31E760-4B98-4D07-881C-B0454D542439}.Release|ARM64.ActiveCfg = Release|Any CPU
		{1D31E760-4B98-4D07-881C-B0454D542439}.Release|ARM64.Build.0 = Release|Any CPU
		{1D31E760-4B98-4D07-881C-B0454D542439}.Release|x64.ActiveCfg = Release|Any CPU
		{1D31E760-4B98-4D07-881C-B0454D542439}.Release|x64.Build.0 = Release|Any CPU
	EndGlobalSection
	GlobalSection(SolutionProperties) = preSolution
		HideSolutionNode = FALSE
	EndGlobalSection
	GlobalSection(ExtensibilityGlobals) = postSolution
		SolutionGuid = {D0BFC129-E9A6-4492-94F6-55ACEAE4967A}
	EndGlobalSection
EndGlobal
